
Microsoft Visual Studio Solution File, Format Version 11.00
# Visual Studio 2010
Project("{FAE04EC0-301F-11D3-BF4B-00C04F79EFBC}") = "Assembly-CSharp", "Assembly-CSharp.csproj", "{585E9608-8504-2D96-9856-FDEAA2FBEC7F}"
EndProject
Project("{FAE04EC0-301F-11D3-BF4B-00C04F79EFBC}") = "Assembly-CSharp-Editor", "Assembly-CSharp-Editor.csproj", "{C4C08452-EC57-76C7-B052-BA854FAFA2E3}"
EndProject
Global
	GlobalSection(SolutionConfigurationPlatforms) = preSolution
		Debug|Any CPU = Debug|Any CPU
		Release|Any CPU = Release|Any CPU
	EndGlobalSection
	GlobalSection(ProjectConfigurationPlatforms) = postSolution
		{585E9608-8504-2D96-9856-FDEAA2FBEC7F}.Debug|Any CPU.ActiveCfg = Debug|Any CPU
		{585E9608-8504-2D96-9856-FDEAA2FBEC7F}.Debug|Any CPU.Build.0 = Debug|Any CPU
		{585E9608-8504-2D96-9856-FDEAA2FBEC7F}.Release|Any CPU.ActiveCfg = Release|Any CPU
		{585E9608-8504-2D96-9856-FDEAA2FBEC7F}.Release|Any CPU.Build.0 = Release|Any CPU
		{C4C08452-EC57-76C7-B052-BA854FAFA2E3}.Debug|Any CPU.ActiveCfg = Debug|Any CPU
		{C4C08452-EC57-76C7-B052-BA854FAFA2E3}.Debug|Any CPU.Build.0 = Debug|Any CPU
		{C4C08452-EC57-76C7-B052-BA854FAFA2E3}.Release|Any CPU.ActiveCfg = Release|Any CPU
		{C4C08452-EC57-76C7-B052-BA854FAFA2E3}.Release|Any CPU.Build.0 = Release|Any CPU
	EndGlobalSection
	GlobalSection(SolutionProperties) = preSolution
		HideSolutionNode = FALSE
	EndGlobalSection
	GlobalSection(MonoDevelopProperties) = preSolution
		StartupItem = Assembly-CSharp.csproj
	EndGlobalSection
EndGlobal
