
Microsoft Visual Studio Solution File, Format Version 11.00
# Visual Studio 2010
Project("{FAE04EC0-301F-11D3-BF4B-00C04F79EFBC}") = "Assembly-CSharp", "Assembly-CSharp.csproj", "{7AFFE6F6-CDC0-4065-5506-47A21571E480}"
EndProject
Project("{FAE04EC0-301F-11D3-BF4B-00C04F79EFBC}") = "Assembly-CSharp-Editor", "Assembly-CSharp-Editor.csproj", "{FAAED55A-A5DD-CC91-E14A-40966320FE6E}"
EndProject
Global
	GlobalSection(SolutionConfigurationPlatforms) = preSolution
		Debug|Any CPU = Debug|Any CPU
		Release|Any CPU = Release|Any CPU
	EndGlobalSection
	GlobalSection(ProjectConfigurationPlatforms) = postSolution
		{7AFFE6F6-CDC0-4065-5506-47A21571E480}.Debug|Any CPU.ActiveCfg = Debug|Any CPU
		{7AFFE6F6-CDC0-4065-5506-47A21571E480}.Debug|Any CPU.Build.0 = Debug|Any CPU
		{7AFFE6F6-CDC0-4065-5506-47A21571E480}.Release|Any CPU.ActiveCfg = Release|Any CPU
		{7AFFE6F6-CDC0-4065-5506-47A21571E480}.Release|Any CPU.Build.0 = Release|Any CPU
		{FAAED55A-A5DD-CC91-E14A-40966320FE6E}.Debug|Any CPU.ActiveCfg = Debug|Any CPU
		{FAAED55A-A5DD-CC91-E14A-40966320FE6E}.Debug|Any CPU.Build.0 = Debug|Any CPU
		{FAAED55A-A5DD-CC91-E14A-40966320FE6E}.Release|Any CPU.ActiveCfg = Release|Any CPU
		{FAAED55A-A5DD-CC91-E14A-40966320FE6E}.Release|Any CPU.Build.0 = Release|Any CPU
	EndGlobalSection
	GlobalSection(SolutionProperties) = preSolution
		HideSolutionNode = FALSE
	EndGlobalSection
	GlobalSection(MonoDevelopProperties) = preSolution
		StartupItem = Assembly-CSharp.csproj
	EndGlobalSection
EndGlobal
